<?xml version="1.0" encoding="utf-8"?>
<Project ToolsVersion="4.0" xmlns="http://schemas.microsoft.com/developer/msbuild/2003">
  <ItemGroup>
    <Filter Include="源文件">
      <UniqueIdentifier>{4FC737F1-C7A5-4376-A066-2A32D752A2FF}</UniqueIdentifier>
      <Extensions>cpp;c;cc;cxx;c++;cppm;ixx;def;odl;idl;hpj;bat;asm;asmx</Extensions>
    </Filter>
    <Filter Include="头文件">
      <UniqueIdentifier>{93995380-89BD-4b04-88EB-625FBE52EBFB}</UniqueIdentifier>
      <Extensions>h;hh;hpp;hxx;h++;hm;inl;inc;ipp;xsd</Extensions>
    </Filter>
    <Filter Include="资源文件">
      <UniqueIdentifier>{67DA6AB6-F800-4c08-8B7A-83BB121AAD01}</UniqueIdentifier>
      <Extensions>rc;ico;cur;bmp;dlg;rc2;rct;bin;rgs;gif;jpg;jpeg;jpe;resx;tiff;tif;png;wav;mfcribbon-ms</Extensions>
    </Filter>
  </ItemGroup>
  <ItemGroup>
    <ClCompile Include="openGLLearning01_HelloWindow.cpp">
      <Filter>源文件</Filter>
    </ClCompile>
    <ClCompile Include="Dependencys\src\glad.c">
      <Filter>头文件</Filter>
    </ClCompile>
    <ClCompile Include="openGLLearning02_HelloTriangle.cpp">
      <Filter>源文件</Filter>
    </ClCompile>
    <ClCompile Include="openGLLearning03_GLSL_Shader.cpp">
      <Filter>源文件</Filter>
    </ClCompile>
    <ClCompile Include="Shader.cpp">
      <Filter>源文件</Filter>
    </ClCompile>
    <ClCompile Include="openGLLearning04_ShaderClass.cpp">
      <Filter>源文件</Filter>
    </ClCompile>
    <ClCompile Include="openGLLearning05_Texture.cpp">
      <Filter>源文件</Filter>
    </ClCompile>
    <ClCompile Include="openGLLearning06_Transform.cpp">
      <Filter>源文件</Filter>
    </ClCompile>
    <ClCompile Include="openGLLearning07_3DSpace.cpp">
      <Filter>源文件</Filter>
    </ClCompile>
    <ClCompile Include="openGLLearning08_Camera.cpp">
      <Filter>源文件</Filter>
    </ClCompile>
    <ClCompile Include="openGLLearning09_CameraClass.cpp">
      <Filter>源文件</Filter>
    </ClCompile>
    <ClCompile Include="ZCamera.cpp">
      <Filter>源文件</Filter>
    </ClCompile>
    <ClCompile Include="openGLLearning10_LightColor.cpp">
      <Filter>源文件</Filter>
    </ClCompile>
    <ClCompile Include="openGLLearning11_Material.cpp">
      <Filter>源文件</Filter>
    </ClCompile>
    <ClCompile Include="openGLLearning12_LightTexture.cpp">
      <Filter>源文件</Filter>
    </ClCompile>
    <ClCompile Include="openGLLearning13_CastLight.cpp">
      <Filter>源文件</Filter>
    </ClCompile>
    <ClCompile Include="openGLLearning14_PointLight.cpp">
      <Filter>源文件</Filter>
    </ClCompile>
    <ClCompile Include="openGLLearning15_SpotLight.cpp">
      <Filter>源文件</Filter>
    </ClCompile>
    <ClCompile Include="openGLLearning16_MultiLights.cpp">
      <Filter>源文件</Filter>
    </ClCompile>
    <ClCompile Include="ZDirectionLight.cpp">
      <Filter>源文件</Filter>
    </ClCompile>
    <ClCompile Include="ZPointLight.cpp">
      <Filter>源文件</Filter>
    </ClCompile>
    <ClCompile Include="ZSpotLight.cpp">
      <Filter>源文件</Filter>
    </ClCompile>
    <ClCompile Include="openGLLearning17_MeshModel.cpp">
      <Filter>源文件</Filter>
    </ClCompile>
    <ClCompile Include="ZMesh.cpp">
      <Filter>源文件</Filter>
    </ClCompile>
    <ClCompile Include="openGLLearning18_MeshModel_bug.cpp">
      <Filter>源文件</Filter>
    </ClCompile>
    <ClCompile Include="openGLLearning19_DepthTesting.cpp">
      <Filter>源文件</Filter>
    </ClCompile>
    <ClCompile Include="openGLLearning20_Stencil Testing.cpp">
      <Filter>源文件</Filter>
    </ClCompile>
    <ClCompile Include="openGLLearning21_Blending.cpp">
      <Filter>源文件</Filter>
    </ClCompile>
    <ClCompile Include="openGLLearning22_FrameBuffer.cpp">
      <Filter>源文件</Filter>
    </ClCompile>
    <ClCompile Include="openGLLearning23_BoxMap.cpp">
      <Filter>源文件</Filter>
    </ClCompile>
    <ClCompile Include="openGLLearning24_Reflect.cpp">
      <Filter>源文件</Filter>
    </ClCompile>
    <ClCompile Include="openGLLearning25_advancedGLSL.cpp">
      <Filter>源文件</Filter>
    </ClCompile>
  </ItemGroup>
  <ItemGroup>
    <ClInclude Include="Shader.h">
      <Filter>头文件</Filter>
    </ClInclude>
    <ClInclude Include="stb_image.h">
      <Filter>头文件</Filter>
    </ClInclude>
    <ClInclude Include="ZCamera.h">
      <Filter>头文件</Filter>
    </ClInclude>
    <ClInclude Include="ZLight.h">
      <Filter>头文件</Filter>
    </ClInclude>
    <ClInclude Include="ZDirectionLight.h">
      <Filter>头文件</Filter>
    </ClInclude>
    <ClInclude Include="ZPointLight.h">
      <Filter>头文件</Filter>
    </ClInclude>
    <ClInclude Include="ZSpotLight.h">
      <Filter>头文件</Filter>
    </ClInclude>
    <ClInclude Include="ZMesh.h">
      <Filter>头文件</Filter>
    </ClInclude>
  </ItemGroup>
</Project>